// !$*UTF8*$!
{
	archiveVersion = 1;
	classes = {
	};
	objectVersion = 46;
	objects = {

/* Begin PBXBuildFile section */
		6B5F6A6A1F4B5A57001CE9B3 /* HomeViewController.swift in Sources */ = {isa = PBXBuildFile; fileRef = 6B5F6A691F4B5A57001CE9B3 /* HomeViewController.swift */; };
		6B857CAF1F45FD4600FF06C8 /* AppDelegate.swift in Sources */ = {isa = PBXBuildFile; fileRef = 6B857CAE1F45FD4600FF06C8 /* AppDelegate.swift */; };
		6B857CB71F45FD4600FF06C8 /* Clove.xcdatamodeld in Sources */ = {isa = PBXBuildFile; fileRef = 6B857CB51F45FD4600FF06C8 /* Clove.xcdatamodeld */; };
		6B857CB91F45FD4600FF06C8 /* Assets.xcassets in Resources */ = {isa = PBXBuildFile; fileRef = 6B857CB81F45FD4600FF06C8 /* Assets.xcassets */; };
		6B857CBC1F45FD4600FF06C8 /* LaunchScreen.storyboard in Resources */ = {isa = PBXBuildFile; fileRef = 6B857CBA1F45FD4600FF06C8 /* LaunchScreen.storyboard */; };
/* End PBXBuildFile section */

/* Begin PBXFileReference section */
		6B5F6A691F4B5A57001CE9B3 /* HomeViewController.swift */ = {isa = PBXFileReference; fileEncoding = 4; lastKnownFileType = sourcecode.swift; name = HomeViewController.swift; path = Home/HomeViewController.swift; sourceTree = "<group>"; };
		6B857CAB1F45FD4600FF06C8 /* Clove.app */ = {isa = PBXFileReference; explicitFileType = wrapper.application; includeInIndex = 0; path = Clove.app; sourceTree = BUILT_PRODUCTS_DIR; };
		6B857CAE1F45FD4600FF06C8 /* AppDelegate.swift */ = {isa = PBXFileReference; lastKnownFileType = sourcecode.swift; path = AppDelegate.swift; sourceTree = "<group>"; };
		6B857CB61F45FD4600FF06C8 /* Clove.xcdatamodel */ = {isa = PBXFileReference; lastKnownFileType = wrapper.xcdatamodel; path = Clove.xcdatamodel; sourceTree = "<group>"; };
		6B857CB81F45FD4600FF06C8 /* Assets.xcassets */ = {isa = PBXFileReference; lastKnownFileType = folder.assetcatalog; path = Assets.xcassets; sourceTree = "<group>"; };
		6B857CBB1F45FD4600FF06C8 /* Base */ = {isa = PBXFileReference; lastKnownFileType = file.storyboard; name = Base; path = Base.lproj/LaunchScreen.storyboard; sourceTree = "<group>"; };
		6B857CBD1F45FD4600FF06C8 /* Info.plist */ = {isa = PBXFileReference; lastKnownFileType = text.plist.xml; path = Info.plist; sourceTree = "<group>"; };
/* End PBXFileReference section */

/* Begin PBXFrameworksBuildPhase section */
		6B857CA81F45FD4600FF06C8 /* Frameworks */ = {
			isa = PBXFrameworksBuildPhase;
			buildActionMask = 2147483647;
			files = (
			);
			runOnlyForDeploymentPostprocessing = 0;
		};
/* End PBXFrameworksBuildPhase section */

/* Begin PBXGroup section */
		6B5F6A6B1F4B5A5D001CE9B3 /* Home */ = {
			isa = PBXGroup;
			children = (
				6B5F6A691F4B5A57001CE9B3 /* HomeViewController.swift */,
			);
			name = Home;
			sourceTree = "<group>";
		};
		6B857CA21F45FD4600FF06C8 = {
			isa = PBXGroup;
			children = (
				6B857CAD1F45FD4600FF06C8 /* Clove */,
				6B857CAC1F45FD4600FF06C8 /* Products */,
			);
			sourceTree = "<group>";
		};
		6B857CAC1F45FD4600FF06C8 /* Products */ = {
			isa = PBXGroup;
			children = (
				6B857CAB1F45FD4600FF06C8 /* Clove.app */,
			);
			name = Products;
			sourceTree = "<group>";
		};
		6B857CAD1F45FD4600FF06C8 /* Clove */ = {
			isa = PBXGroup;
			children = (
				6B857CAE1F45FD4600FF06C8 /* AppDelegate.swift */,
				6B5F6A6B1F4B5A5D001CE9B3 /* Home */,
				6B857CB81F45FD4600FF06C8 /* Assets.xcassets */,
				6B857CBA1F45FD4600FF06C8 /* LaunchScreen.storyboard */,
				6B857CBD1F45FD4600FF06C8 /* Info.plist */,
				6B857CB51F45FD4600FF06C8 /* Clove.xcdatamodeld */,
			);
			path = Clove;
			sourceTree = "<group>";
		};
/* End PBXGroup section */

/* Begin PBXNativeTarget section */
		6B857CAA1F45FD4600FF06C8 /* Clove */ = {
			isa = PBXNativeTarget;
			buildConfigurationList = 6B857CC01F45FD4600FF06C8 /* Build configuration list for PBXNativeTarget "Clove" */;
			buildPhases = (
				6B857CA71F45FD4600FF06C8 /* Sources */,
				6B857CA81F45FD4600FF06C8 /* Frameworks */,
				6B857CA91F45FD4600FF06C8 /* Resources */,
			);
			buildRules = (
			);
			dependencies = (
			);
			name = Clove;
			productName = Clove;
			productReference = 6B857CAB1F45FD4600FF06C8 /* Clove.app */;
			productType = "com.apple.product-type.application";
		};
/* End PBXNativeTarget section */

/* Begin PBXProject section */
		6B857CA31F45FD4600FF06C8 /* Project object */ = {
			isa = PBXProject;
			attributes = {
				LastSwiftUpdateCheck = 0830;
				LastUpgradeCheck = 0830;
				ORGANIZATIONNAME = "Clove HQ";
				TargetAttributes = {
					6B857CAA1F45FD4600FF06C8 = {
						CreatedOnToolsVersion = 8.3.3;
						DevelopmentTeam = 7S2WW76HXL;
						ProvisioningStyle = Automatic;
					};
				};
			};
			buildConfigurationList = 6B857CA61F45FD4600FF06C8 /* Build configuration list for PBXProject "Clove" */;
			compatibilityVersion = "Xcode 3.2";
			developmentRegion = English;
			hasScannedForEncodings = 0;
			knownRegions = (
				en,
				Base,
			);
			mainGroup = 6B857CA21F45FD4600FF06C8;
			productRefGroup = 6B857CAC1F45FD4600FF06C8 /* Products */;
			projectDirPath = "";
			projectRoot = "";
			targets = (
				6B857CAA1F45FD4600FF06C8 /* Clove */,
			);
		};
/* End PBXProject section */

/* Begin PBXResourcesBuildPhase section */
		6B857CA91F45FD4600FF06C8 /* Resources */ = {
			isa = PBXResourcesBuildPhase;
			buildActionMask = 2147483647;
			files = (
				6B857CBC1F45FD4600FF06C8 /* LaunchScreen.storyboard in Resources */,
				6B857CB91F45FD4600FF06C8 /* Assets.xcassets in Resources */,
			);
			runOnlyForDeploymentPostprocessing = 0;
		};
/* End PBXResourcesBuildPhase section */

/* Begin PBXSourcesBuildPhase section */
		6B857CA71F45FD4600FF06C8 /* Sources */ = {
			isa = PBXSourcesBuildPhase;
			buildActionMask = 2147483647;
			files = (
				6B857CAF1F45FD4600FF06C8 /* AppDelegate.swift in Sources */,
				6B857CB71F45FD4600FF06C8 /* Clove.xcdatamodeld in Sources */,
				6B5F6A6A1F4B5A57001CE9B3 /* HomeViewController.swift in Sources */,
			);
			runOnlyForDeploymentPostprocessing = 0;
		};
/* End PBXSourcesBuildPhase section */

/* Begin PBXVariantGroup section */
		6B857CBA1F45FD4600FF06C8 /* LaunchScreen.storyboard */ = {
			isa = PBXVariantGroup;
			children = (
				6B857CBB1F45FD4600FF06C8 /* Base */,
			);
			name = LaunchScreen.storyboard;
			sourceTree = "<group>";
		};
/* End PBXVariantGroup section */

/* Begin XCBuildConfiguration section */
		6B857CBE1F45FD4600FF06C8 /* Debug */ = {
			isa = XCBuildConfiguration;
			buildSettings = {
				ALWAYS_SEARCH_USER_PATHS = NO;
				CLANG_ANALYZER_NONNULL = YES;
				CLANG_ANALYZER_NUMBER_OBJECT_CONVERSION = YES_AGGRESSIVE;
				CLANG_CXX_LANGUAGE_STANDARD = "gnu++0x";
				CLANG_CXX_LIBRARY = "libc++";
				CLANG_ENABLE_MODULES = YES;
				CLANG_ENABLE_OBJC_ARC = YES;
				CLANG_WARN_BOOL_CONVERSION = YES;
				CLANG_WARN_CONSTANT_CONVERSION = YES;
				CLANG_WARN_DIRECT_OBJC_ISA_USAGE = YES_ERROR;
				CLANG_WARN_DOCUMENTATION_COMMENTS = YES;
				CLANG_WARN_EMPTY_BODY = YES;
				CLANG_WARN_ENUM_CONVERSION = YES;
				CLANG_WARN_INFINITE_RECURSION = YES;
				CLANG_WARN_INT_CONVERSION = YES;
				CLANG_WARN_OBJC_ROOT_CLASS = YES_ERROR;
				CLANG_WARN_SUSPICIOUS_MOVE = YES;
				CLANG_WARN_UNREACHABLE_CODE = YES;
				CLANG_WARN__DUPLICATE_METHOD_MATCH = YES;
				"CODE_SIGN_IDENTITY[sdk=iphoneos*]" = "iPhone Developer";
				COPY_PHASE_STRIP = NO;
				DEBUG_INFORMATION_FORMAT = dwarf;
				ENABLE_STRICT_OBJC_MSGSEND = YES;
				ENABLE_TESTABILITY = YES;
				GCC_C_LANGUAGE_STANDARD = gnu99;
				GCC_DYNAMIC_NO_PIC = NO;
				GCC_NO_COMMON_BLOCKS = YES;
				GCC_OPTIMIZATION_LEVEL = 0;
				GCC_PREPROCESSOR_DEFINITIONS = (
					"DEBUG=1",
					"$(inherited)",
				);
				GCC_WARN_64_TO_32_BIT_CONVERSION = YES;
				GCC_WARN_ABOUT_RETURN_TYPE = YES_ERROR;
				GCC_WARN_UNDECLARED_SELECTOR = YES;
				GCC_WARN_UNINITIALIZED_AUTOS = YES_AGGRESSIVE;
				GCC_WARN_UNUSED_FUNCTION = YES;
				GCC_WARN_UNUSED_VARIABLE = YES;
				IPHONEOS_DEPLOYMENT_TARGET = 10.3;
				MTL_ENABLE_DEBUG_INFO = YES;
				ONLY_ACTIVE_ARCH = YES;
				SDKROOT = iphoneos;
				SWIFT_ACTIVE_COMPILATION_CONDITIONS = DEBUG;
				SWIFT_OPTIMIZATION_LEVEL = "-Onone";
			};
			name = Debug;
		};
		6B857CBF1F45FD4600FF06C8 /* Release */ = {
			isa = XCBuildConfiguration;
			buildSettings = {
				ALWAYS_SEARCH_USER_PATHS = NO;
				CLANG_ANALYZER_NONNULL = YES;
				CLANG_ANALYZER_NUMBER_OBJECT_CONVERSION = YES_AGGRESSIVE;
				CLANG_CXX_LANGUAGE_STANDARD = "gnu++0x";
				CLANG_CXX_LIBRARY = "libc++";
				CLANG_ENABLE_MODULES = YES;
				CLANG_ENABLE_OBJC_ARC = YES;
				CLANG_WARN_BOOL_CONVERSION = YES;
				CLANG_WARN_CONSTANT_CONVERSION = YES;
				CLANG_WARN_DIRECT_OBJC_ISA_USAGE = YES_ERROR;
				CLANG_WARN_DOCUMENTATION_COMMENTS = YES;
				CLANG_WARN_EMPTY_BODY = YES;
				CLANG_WARN_ENUM_CONVERSION = YES;
				CLANG_WARN_INFINITE_RECURSION = YES;
				CLANG_WARN_INT_CONVERSION = YES;
				CLANG_WARN_OBJC_ROOT_CLASS = YES_ERROR;
				CLANG_WARN_SUSPICIOUS_MOVE = YES;
				CLANG_WARN_UNREACHABLE_CODE = YES;
				CLANG_WARN__DUPLICATE_METHOD_MATCH = YES;
				"CODE_SIGN_IDENTITY[sdk=iphoneos*]" = "iPhone Developer";
				COPY_PHASE_STRIP = NO;
				DEBUG_INFORMATION_FORMAT = "dwarf-with-dsym";
				ENABLE_NS_ASSERTIONS = NO;
				ENABLE_STRICT_OBJC_MSGSEND = YES;
				GCC_C_LANGUAGE_STANDARD = gnu99;
				GCC_NO_COMMON_BLOCKS = YES;
				GCC_WARN_64_TO_32_BIT_CONVERSION = YES;
				GCC_WARN_ABOUT_RETURN_TYPE = YES_ERROR;
				GCC_WARN_UNDECLARED_SELECTOR = YES;
				GCC_WARN_UNINITIALIZED_AUTOS = YES_AGGRESSIVE;
				GCC_WARN_UNUSED_FUNCTION = YES;
				GCC_WARN_UNUSED_VARIABLE = YES;
				IPHONEOS_DEPLOYMENT_TARGET = 10.3;
				MTL_ENABLE_DEBUG_INFO = NO;
				SDKROOT = iphoneos;
				SWIFT_OPTIMIZATION_LEVEL = "-Owholemodule";
				VALIDATE_PRODUCT = YES;
			};
			name = Release;
		};
		6B857CC11F45FD4600FF06C8 /* Debug */ = {
			isa = XCBuildConfiguration;
			buildSettings = {
				ASSETCATALOG_COMPILER_APPICON_NAME = AppIcon;
				DEVELOPMENT_TEAM = 7S2WW76HXL;
				INFOPLIST_FILE = Clove/Info.plist;
				LD_RUNPATH_SEARCH_PATHS = "$(inherited) @executable_path/Frameworks";
				PRODUCT_BUNDLE_IDENTIFIER = com.clovehq.Clove;
				PRODUCT_NAME = "$(TARGET_NAME)";
				SWIFT_VERSION = 3.0;
			};
			name = Debug;
		};
		6B857CC21F45FD4600FF06C8 /* Release */ = {
			isa = XCBuildConfiguration;
			buildSettings = {
				ASSETCATALOG_COMPILER_APPICON_NAME = AppIcon;
				DEVELOPMENT_TEAM = 7S2WW76HXL;
				INFOPLIST_FILE = Clove/Info.plist;
				LD_RUNPATH_SEARCH_PATHS = "$(inherited) @executable_path/Frameworks";
				PRODUCT_BUNDLE_IDENTIFIER = com.clovehq.Clove;
				PRODUCT_NAME = "$(TARGET_NAME)";
				SWIFT_VERSION = 3.0;
			};
			name = Release;
		};
/* End XCBuildConfiguration section */

/* Begin XCConfigurationList section */
		6B857CA61F45FD4600FF06C8 /* Build configuration list for PBXProject "Clove" */ = {
			isa = XCConfigurationList;
			buildConfigurations = (
				6B857CBE1F45FD4600FF06C8 /* Debug */,
				6B857CBF1F45FD4600FF06C8 /* Release */,
			);
			defaultConfigurationIsVisible = 0;
			defaultConfigurationName = Release;
		};
		6B857CC01F45FD4600FF06C8 /* Build configuration list for PBXNativeTarget "Clove" */ = {
			isa = XCConfigurationList;
			buildConfigurations = (
				6B857CC11F45FD4600FF06C8 /* Debug */,
				6B857CC21F45FD4600FF06C8 /* Release */,
			);
			defaultConfigurationIsVisible = 0;
			defaultConfigurationName = Release;
		};
/* End XCConfigurationList section */

/* Begin XCVersionGroup section */
		6B857CB51F45FD4600FF06C8 /* Clove.xcdatamodeld */ = {
			isa = XCVersionGroup;
			children = (
				6B857CB61F45FD4600FF06C8 /* Clove.xcdatamodel */,
			);
			currentVersion = 6B857CB61F45FD4600FF06C8 /* Clove.xcdatamodel */;
			path = Clove.xcdatamodeld;
			sourceTree = "<group>";
			versionGroupType = wrapper.xcdatamodel;
		};
/* End XCVersionGroup section */
	};
	rootObject = 6B857CA31F45FD4600FF06C8 /* Project object */;
}
